
Microsoft Visual Studio Solution File, Format Version 11.00
# Visual Studio 2010
Project("{8BC9CEB8-8B4A-11D0-8D11-00A0C91BC942}") = "SDL Game", "SDL Game.vcxproj", "{C851F9C0-E901-4FB3-AA2B-BFDE0C162ECC}"
EndProject
Global
	GlobalSection(SolutionConfigurationPlatforms) = preSolution
		Debug|Win32 = Debug|Win32
		Release|Win32 = Release|Win32
	EndGlobalSection
	GlobalSection(ProjectConfigurationPlatforms) = postSolution
		{C851F9C0-E901-4FB3-AA2B-BFDE0C162ECC}.Debug|Win32.ActiveCfg = Debug|Win32
		{C851F9C0-E901-4FB3-AA2B-BFDE0C162ECC}.Debug|Win32.Build.0 = Debug|Win32
		{C851F9C0-E901-4FB3-AA2B-BFDE0C162ECC}.Release|Win32.ActiveCfg = Release|Win32
		{C851F9C0-E901-4FB3-AA2B-BFDE0C162ECC}.Release|Win32.Build.0 = Release|Win32
	EndGlobalSection
	GlobalSection(SolutionProperties) = preSolution
		HideSolutionNode = FALSE
	EndGlobalSection
EndGlobal
